
Microsoft Visual Studio Solution File, Format Version 12.00
# Visual Studio 14
VisualStudioVersion = 14.0.25420.1
MinimumVisualStudioVersion = 10.0.40219.1
Project("{FAE04EC0-301F-11D3-BF4B-00C04F79EFBC}") = "54_CountDV", "54_CountDV\54_CountDV.csproj", "{9A8D4A63-394B-42E9-9624-259C401F23CC}"
EndProject
Project("{2150E333-8FDC-42A3-9474-1A3956D46DE8}") = "Tests", "Tests", "{8CC8E7F2-8DC1-43E4-8420-758D52C0E04C}"
EndProject
Project("{FAE04EC0-301F-11D3-BF4B-00C04F79EFBC}") = "54_CountDV.Tests", "Tests\54_CountDV.Tests\54_CountDV.Tests.csproj", "{1DA6E1A7-9CF3-41B8-8DA2-9145E7EB63CA}"
EndProject
Global
	GlobalSection(SolutionConfigurationPlatforms) = preSolution
		Debug|Any CPU = Debug|Any CPU
		Release|Any CPU = Release|Any CPU
	EndGlobalSection
	GlobalSection(ProjectConfigurationPlatforms) = postSolution
		{9A8D4A63-394B-42E9-9624-259C401F23CC}.Debug|Any CPU.ActiveCfg = Debug|Any CPU
		{9A8D4A63-394B-42E9-9624-259C401F23CC}.Debug|Any CPU.Build.0 = Debug|Any CPU
		{9A8D4A63-394B-42E9-9624-259C401F23CC}.Release|Any CPU.ActiveCfg = Release|Any CPU
		{9A8D4A63-394B-42E9-9624-259C401F23CC}.Release|Any CPU.Build.0 = Release|Any CPU
		{1DA6E1A7-9CF3-41B8-8DA2-9145E7EB63CA}.Debug|Any CPU.ActiveCfg = Debug|Any CPU
		{1DA6E1A7-9CF3-41B8-8DA2-9145E7EB63CA}.Debug|Any CPU.Build.0 = Debug|Any CPU
		{1DA6E1A7-9CF3-41B8-8DA2-9145E7EB63CA}.Release|Any CPU.ActiveCfg = Release|Any CPU
		{1DA6E1A7-9CF3-41B8-8DA2-9145E7EB63CA}.Release|Any CPU.Build.0 = Release|Any CPU
	EndGlobalSection
	GlobalSection(SolutionProperties) = preSolution
		HideSolutionNode = FALSE
	EndGlobalSection
	GlobalSection(NestedProjects) = preSolution
		{1DA6E1A7-9CF3-41B8-8DA2-9145E7EB63CA} = {8CC8E7F2-8DC1-43E4-8420-758D52C0E04C}
	EndGlobalSection
EndGlobal
