
Microsoft Visual Studio Solution File, Format Version 12.00
# Visual Studio 14
VisualStudioVersion = 14.0.25420.1
MinimumVisualStudioVersion = 10.0.40219.1
Project("{FAE04EC0-301F-11D3-BF4B-00C04F79EFBC}") = "HelloWorld", "HelloWorld\HelloWorld.csproj", "{8C8FEEE9-9142-48B7-AA61-4F3B37A02302}"
EndProject
Project("{FAE04EC0-301F-11D3-BF4B-00C04F79EFBC}") = "DataTypesAndVariables", "DataTypesAndVariables\DataTypesAndVariables.csproj", "{42441D7E-AB82-44FA-9245-F5CF59576E04}"
EndProject
Project("{FAE04EC0-301F-11D3-BF4B-00C04F79EFBC}") = "Conditions", "Conditions\Conditions.csproj", "{B198F5D3-15F3-4C5C-A787-85551B895125}"
EndProject
Project("{FAE04EC0-301F-11D3-BF4B-00C04F79EFBC}") = "Arrays", "Arrays\Arrays.csproj", "{F4FD7BE4-7A4D-44F2-9056-DC26F6B0C722}"
EndProject
Project("{FAE04EC0-301F-11D3-BF4B-00C04F79EFBC}") = "Strings", "Strings\Strings.csproj", "{F180BE99-69B8-4DD1-AD04-48240AE665D6}"
EndProject
Project("{FAE04EC0-301F-11D3-BF4B-00C04F79EFBC}") = "DateAndTime", "DateAndTime\DateAndTime.csproj", "{12E250B3-9435-4E7A-A08D-A5C0087E5431}"
EndProject
Project("{FAE04EC0-301F-11D3-BF4B-00C04F79EFBC}") = "Classes", "Classes\Classes.csproj", "{AE158A06-C061-445D-8A1A-BF4F2726889B}"
EndProject
Project("{FAE04EC0-301F-11D3-BF4B-00C04F79EFBC}") = "UnderstandingScope", "UnderstandingScope\UnderstandingScope.csproj", "{B0CB1209-967A-48F1-A92A-B24882587B59}"
EndProject
Project("{FAE04EC0-301F-11D3-BF4B-00C04F79EFBC}") = "AssembliesAndNamespaces", "AssembliesAndNamespaces\AssembliesAndNamespaces.csproj", "{94184799-F19D-485F-B458-8438313AA18E}"
EndProject
Project("{FAE04EC0-301F-11D3-BF4B-00C04F79EFBC}") = "MyCodeLibrary", "MyCodeLibrary\MyCodeLibrary.csproj", "{C231D60C-C178-49C7-86C5-7E2A157C2C41}"
EndProject
Project("{FAE04EC0-301F-11D3-BF4B-00C04F79EFBC}") = "Collections", "Collections\Collections.csproj", "{5D1CBB50-1E7B-422F-9441-DFF67643C28F}"
EndProject
Project("{FAE04EC0-301F-11D3-BF4B-00C04F79EFBC}") = "LINQ", "LINQ\LINQ.csproj", "{99CFE8C9-EA90-45D0-ACFD-5DA1E829A949}"
EndProject
Project("{FAE04EC0-301F-11D3-BF4B-00C04F79EFBC}") = "SwitchAndEnums", "SwitchAndEnums\SwitchAndEnums.csproj", "{B15F852B-A3E2-49AA-A7A4-F8AB99CE5689}"
EndProject
Project("{FAE04EC0-301F-11D3-BF4B-00C04F79EFBC}") = "Exceptions", "Exceptions\Exceptions.csproj", "{8E49250A-645E-4CDC-AFE1-C47CD6B1DF9B}"
EndProject
Project("{FAE04EC0-301F-11D3-BF4B-00C04F79EFBC}") = "EvenDrivenProgramming", "EvenDrivenProgramming\EvenDrivenProgramming.csproj", "{709F63E0-4AFB-461B-B84F-37F985A011C5}"
EndProject
Project("{FAE04EC0-301F-11D3-BF4B-00C04F79EFBC}") = "WPFEvents", "WPFEvents\WPFEvents.csproj", "{5BA40321-3D6F-4931-B0C5-E5BA567B45E5}"
EndProject
Project("{FAE04EC0-301F-11D3-BF4B-00C04F79EFBC}") = "sqlClient", "sqlClient\sqlClient.csproj", "{509DEA8B-6CAD-4536-961F-2476600415A1}"
EndProject
Project("{FAE04EC0-301F-11D3-BF4B-00C04F79EFBC}") = "Threads", "Threads\Threads.csproj", "{18ABA434-8132-4E64-9C6C-558029224842}"
EndProject
Global
	GlobalSection(SolutionConfigurationPlatforms) = preSolution
		Debug|Any CPU = Debug|Any CPU
		Debug|ARM = Debug|ARM
		Debug|x64 = Debug|x64
		Debug|x86 = Debug|x86
		Release|Any CPU = Release|Any CPU
		Release|ARM = Release|ARM
		Release|x64 = Release|x64
		Release|x86 = Release|x86
	EndGlobalSection
	GlobalSection(ProjectConfigurationPlatforms) = postSolution
		{8C8FEEE9-9142-48B7-AA61-4F3B37A02302}.Debug|Any CPU.ActiveCfg = Debug|Any CPU
		{8C8FEEE9-9142-48B7-AA61-4F3B37A02302}.Debug|Any CPU.Build.0 = Debug|Any CPU
		{8C8FEEE9-9142-48B7-AA61-4F3B37A02302}.Debug|ARM.ActiveCfg = Debug|Any CPU
		{8C8FEEE9-9142-48B7-AA61-4F3B37A02302}.Debug|ARM.Build.0 = Debug|Any CPU
		{8C8FEEE9-9142-48B7-AA61-4F3B37A02302}.Debug|x64.ActiveCfg = Debug|Any CPU
		{8C8FEEE9-9142-48B7-AA61-4F3B37A02302}.Debug|x64.Build.0 = Debug|Any CPU
		{8C8FEEE9-9142-48B7-AA61-4F3B37A02302}.Debug|x86.ActiveCfg = Debug|Any CPU
		{8C8FEEE9-9142-48B7-AA61-4F3B37A02302}.Debug|x86.Build.0 = Debug|Any CPU
		{8C8FEEE9-9142-48B7-AA61-4F3B37A02302}.Release|Any CPU.ActiveCfg = Release|Any CPU
		{8C8FEEE9-9142-48B7-AA61-4F3B37A02302}.Release|Any CPU.Build.0 = Release|Any CPU
		{8C8FEEE9-9142-48B7-AA61-4F3B37A02302}.Release|ARM.ActiveCfg = Release|Any CPU
		{8C8FEEE9-9142-48B7-AA61-4F3B37A02302}.Release|ARM.Build.0 = Release|Any CPU
		{8C8FEEE9-9142-48B7-AA61-4F3B37A02302}.Release|x64.ActiveCfg = Release|Any CPU
		{8C8FEEE9-9142-48B7-AA61-4F3B37A02302}.Release|x64.Build.0 = Release|Any CPU
		{8C8FEEE9-9142-48B7-AA61-4F3B37A02302}.Release|x86.ActiveCfg = Release|Any CPU
		{8C8FEEE9-9142-48B7-AA61-4F3B37A02302}.Release|x86.Build.0 = Release|Any CPU
		{42441D7E-AB82-44FA-9245-F5CF59576E04}.Debug|Any CPU.ActiveCfg = Debug|Any CPU
		{42441D7E-AB82-44FA-9245-F5CF59576E04}.Debug|Any CPU.Build.0 = Debug|Any CPU
		{42441D7E-AB82-44FA-9245-F5CF59576E04}.Debug|ARM.ActiveCfg = Debug|Any CPU
		{42441D7E-AB82-44FA-9245-F5CF59576E04}.Debug|ARM.Build.0 = Debug|Any CPU
		{42441D7E-AB82-44FA-9245-F5CF59576E04}.Debug|x64.ActiveCfg = Debug|Any CPU
		{42441D7E-AB82-44FA-9245-F5CF59576E04}.Debug|x64.Build.0 = Debug|Any CPU
		{42441D7E-AB82-44FA-9245-F5CF59576E04}.Debug|x86.ActiveCfg = Debug|Any CPU
		{42441D7E-AB82-44FA-9245-F5CF59576E04}.Debug|x86.Build.0 = Debug|Any CPU
		{42441D7E-AB82-44FA-9245-F5CF59576E04}.Release|Any CPU.ActiveCfg = Release|Any CPU
		{42441D7E-AB82-44FA-9245-F5CF59576E04}.Release|Any CPU.Build.0 = Release|Any CPU
		{42441D7E-AB82-44FA-9245-F5CF59576E04}.Release|ARM.ActiveCfg = Release|Any CPU
		{42441D7E-AB82-44FA-9245-F5CF59576E04}.Release|ARM.Build.0 = Release|Any CPU
		{42441D7E-AB82-44FA-9245-F5CF59576E04}.Release|x64.ActiveCfg = Release|Any CPU
		{42441D7E-AB82-44FA-9245-F5CF59576E04}.Release|x64.Build.0 = Release|Any CPU
		{42441D7E-AB82-44FA-9245-F5CF59576E04}.Release|x86.ActiveCfg = Release|Any CPU
		{42441D7E-AB82-44FA-9245-F5CF59576E04}.Release|x86.Build.0 = Release|Any CPU
		{B198F5D3-15F3-4C5C-A787-85551B895125}.Debug|Any CPU.ActiveCfg = Debug|Any CPU
		{B198F5D3-15F3-4C5C-A787-85551B895125}.Debug|Any CPU.Build.0 = Debug|Any CPU
		{B198F5D3-15F3-4C5C-A787-85551B895125}.Debug|ARM.ActiveCfg = Debug|Any CPU
		{B198F5D3-15F3-4C5C-A787-85551B895125}.Debug|ARM.Build.0 = Debug|Any CPU
		{B198F5D3-15F3-4C5C-A787-85551B895125}.Debug|x64.ActiveCfg = Debug|Any CPU
		{B198F5D3-15F3-4C5C-A787-85551B895125}.Debug|x64.Build.0 = Debug|Any CPU
		{B198F5D3-15F3-4C5C-A787-85551B895125}.Debug|x86.ActiveCfg = Debug|Any CPU
		{B198F5D3-15F3-4C5C-A787-85551B895125}.Debug|x86.Build.0 = Debug|Any CPU
		{B198F5D3-15F3-4C5C-A787-85551B895125}.Release|Any CPU.ActiveCfg = Release|Any CPU
		{B198F5D3-15F3-4C5C-A787-85551B895125}.Release|Any CPU.Build.0 = Release|Any CPU
		{B198F5D3-15F3-4C5C-A787-85551B895125}.Release|ARM.ActiveCfg = Release|Any CPU
		{B198F5D3-15F3-4C5C-A787-85551B895125}.Release|ARM.Build.0 = Release|Any CPU
		{B198F5D3-15F3-4C5C-A787-85551B895125}.Release|x64.ActiveCfg = Release|Any CPU
		{B198F5D3-15F3-4C5C-A787-85551B895125}.Release|x64.Build.0 = Release|Any CPU
		{B198F5D3-15F3-4C5C-A787-85551B895125}.Release|x86.ActiveCfg = Release|Any CPU
		{B198F5D3-15F3-4C5C-A787-85551B895125}.Release|x86.Build.0 = Release|Any CPU
		{F4FD7BE4-7A4D-44F2-9056-DC26F6B0C722}.Debug|Any CPU.ActiveCfg = Debug|Any CPU
		{F4FD7BE4-7A4D-44F2-9056-DC26F6B0C722}.Debug|Any CPU.Build.0 = Debug|Any CPU
		{F4FD7BE4-7A4D-44F2-9056-DC26F6B0C722}.Debug|ARM.ActiveCfg = Debug|Any CPU
		{F4FD7BE4-7A4D-44F2-9056-DC26F6B0C722}.Debug|ARM.Build.0 = Debug|Any CPU
		{F4FD7BE4-7A4D-44F2-9056-DC26F6B0C722}.Debug|x64.ActiveCfg = Debug|Any CPU
		{F4FD7BE4-7A4D-44F2-9056-DC26F6B0C722}.Debug|x64.Build.0 = Debug|Any CPU
		{F4FD7BE4-7A4D-44F2-9056-DC26F6B0C722}.Debug|x86.ActiveCfg = Debug|Any CPU
		{F4FD7BE4-7A4D-44F2-9056-DC26F6B0C722}.Debug|x86.Build.0 = Debug|Any CPU
		{F4FD7BE4-7A4D-44F2-9056-DC26F6B0C722}.Release|Any CPU.ActiveCfg = Release|Any CPU
		{F4FD7BE4-7A4D-44F2-9056-DC26F6B0C722}.Release|Any CPU.Build.0 = Release|Any CPU
		{F4FD7BE4-7A4D-44F2-9056-DC26F6B0C722}.Release|ARM.ActiveCfg = Release|Any CPU
		{F4FD7BE4-7A4D-44F2-9056-DC26F6B0C722}.Release|ARM.Build.0 = Release|Any CPU
		{F4FD7BE4-7A4D-44F2-9056-DC26F6B0C722}.Release|x64.ActiveCfg = Release|Any CPU
		{F4FD7BE4-7A4D-44F2-9056-DC26F6B0C722}.Release|x64.Build.0 = Release|Any CPU
		{F4FD7BE4-7A4D-44F2-9056-DC26F6B0C722}.Release|x86.ActiveCfg = Release|Any CPU
		{F4FD7BE4-7A4D-44F2-9056-DC26F6B0C722}.Release|x86.Build.0 = Release|Any CPU
		{F180BE99-69B8-4DD1-AD04-48240AE665D6}.Debug|Any CPU.ActiveCfg = Debug|Any CPU
		{F180BE99-69B8-4DD1-AD04-48240AE665D6}.Debug|Any CPU.Build.0 = Debug|Any CPU
		{F180BE99-69B8-4DD1-AD04-48240AE665D6}.Debug|ARM.ActiveCfg = Debug|Any CPU
		{F180BE99-69B8-4DD1-AD04-48240AE665D6}.Debug|ARM.Build.0 = Debug|Any CPU
		{F180BE99-69B8-4DD1-AD04-48240AE665D6}.Debug|x64.ActiveCfg = Debug|Any CPU
		{F180BE99-69B8-4DD1-AD04-48240AE665D6}.Debug|x64.Build.0 = Debug|Any CPU
		{F180BE99-69B8-4DD1-AD04-48240AE665D6}.Debug|x86.ActiveCfg = Debug|Any CPU
		{F180BE99-69B8-4DD1-AD04-48240AE665D6}.Debug|x86.Build.0 = Debug|Any CPU
		{F180BE99-69B8-4DD1-AD04-48240AE665D6}.Release|Any CPU.ActiveCfg = Release|Any CPU
		{F180BE99-69B8-4DD1-AD04-48240AE665D6}.Release|Any CPU.Build.0 = Release|Any CPU
		{F180BE99-69B8-4DD1-AD04-48240AE665D6}.Release|ARM.ActiveCfg = Release|Any CPU
		{F180BE99-69B8-4DD1-AD04-48240AE665D6}.Release|ARM.Build.0 = Release|Any CPU
		{F180BE99-69B8-4DD1-AD04-48240AE665D6}.Release|x64.ActiveCfg = Release|Any CPU
		{F180BE99-69B8-4DD1-AD04-48240AE665D6}.Release|x64.Build.0 = Release|Any CPU
		{F180BE99-69B8-4DD1-AD04-48240AE665D6}.Release|x86.ActiveCfg = Release|Any CPU
		{F180BE99-69B8-4DD1-AD04-48240AE665D6}.Release|x86.Build.0 = Release|Any CPU
		{12E250B3-9435-4E7A-A08D-A5C0087E5431}.Debug|Any CPU.ActiveCfg = Debug|Any CPU
		{12E250B3-9435-4E7A-A08D-A5C0087E5431}.Debug|Any CPU.Build.0 = Debug|Any CPU
		{12E250B3-9435-4E7A-A08D-A5C0087E5431}.Debug|ARM.ActiveCfg = Debug|Any CPU
		{12E250B3-9435-4E7A-A08D-A5C0087E5431}.Debug|ARM.Build.0 = Debug|Any CPU
		{12E250B3-9435-4E7A-A08D-A5C0087E5431}.Debug|x64.ActiveCfg = Debug|Any CPU
		{12E250B3-9435-4E7A-A08D-A5C0087E5431}.Debug|x64.Build.0 = Debug|Any CPU
		{12E250B3-9435-4E7A-A08D-A5C0087E5431}.Debug|x86.ActiveCfg = Debug|Any CPU
		{12E250B3-9435-4E7A-A08D-A5C0087E5431}.Debug|x86.Build.0 = Debug|Any CPU
		{12E250B3-9435-4E7A-A08D-A5C0087E5431}.Release|Any CPU.ActiveCfg = Release|Any CPU
		{12E250B3-9435-4E7A-A08D-A5C0087E5431}.Release|Any CPU.Build.0 = Release|Any CPU
		{12E250B3-9435-4E7A-A08D-A5C0087E5431}.Release|ARM.ActiveCfg = Release|Any CPU
		{12E250B3-9435-4E7A-A08D-A5C0087E5431}.Release|ARM.Build.0 = Release|Any CPU
		{12E250B3-9435-4E7A-A08D-A5C0087E5431}.Release|x64.ActiveCfg = Release|Any CPU
		{12E250B3-9435-4E7A-A08D-A5C0087E5431}.Release|x64.Build.0 = Release|Any CPU
		{12E250B3-9435-4E7A-A08D-A5C0087E5431}.Release|x86.ActiveCfg = Release|Any CPU
		{12E250B3-9435-4E7A-A08D-A5C0087E5431}.Release|x86.Build.0 = Release|Any CPU
		{AE158A06-C061-445D-8A1A-BF4F2726889B}.Debug|Any CPU.ActiveCfg = Debug|Any CPU
		{AE158A06-C061-445D-8A1A-BF4F2726889B}.Debug|Any CPU.Build.0 = Debug|Any CPU
		{AE158A06-C061-445D-8A1A-BF4F2726889B}.Debug|ARM.ActiveCfg = Debug|Any CPU
		{AE158A06-C061-445D-8A1A-BF4F2726889B}.Debug|ARM.Build.0 = Debug|Any CPU
		{AE158A06-C061-445D-8A1A-BF4F2726889B}.Debug|x64.ActiveCfg = Debug|Any CPU
		{AE158A06-C061-445D-8A1A-BF4F2726889B}.Debug|x64.Build.0 = Debug|Any CPU
		{AE158A06-C061-445D-8A1A-BF4F2726889B}.Debug|x86.ActiveCfg = Debug|Any CPU
		{AE158A06-C061-445D-8A1A-BF4F2726889B}.Debug|x86.Build.0 = Debug|Any CPU
		{AE158A06-C061-445D-8A1A-BF4F2726889B}.Release|Any CPU.ActiveCfg = Release|Any CPU
		{AE158A06-C061-445D-8A1A-BF4F2726889B}.Release|Any CPU.Build.0 = Release|Any CPU
		{AE158A06-C061-445D-8A1A-BF4F2726889B}.Release|ARM.ActiveCfg = Release|Any CPU
		{AE158A06-C061-445D-8A1A-BF4F2726889B}.Release|ARM.Build.0 = Release|Any CPU
		{AE158A06-C061-445D-8A1A-BF4F2726889B}.Release|x64.ActiveCfg = Release|Any CPU
		{AE158A06-C061-445D-8A1A-BF4F2726889B}.Release|x64.Build.0 = Release|Any CPU
		{AE158A06-C061-445D-8A1A-BF4F2726889B}.Release|x86.ActiveCfg = Release|Any CPU
		{AE158A06-C061-445D-8A1A-BF4F2726889B}.Release|x86.Build.0 = Release|Any CPU
		{B0CB1209-967A-48F1-A92A-B24882587B59}.Debug|Any CPU.ActiveCfg = Debug|Any CPU
		{B0CB1209-967A-48F1-A92A-B24882587B59}.Debug|Any CPU.Build.0 = Debug|Any CPU
		{B0CB1209-967A-48F1-A92A-B24882587B59}.Debug|ARM.ActiveCfg = Debug|Any CPU
		{B0CB1209-967A-48F1-A92A-B24882587B59}.Debug|ARM.Build.0 = Debug|Any CPU
		{B0CB1209-967A-48F1-A92A-B24882587B59}.Debug|x64.ActiveCfg = Debug|Any CPU
		{B0CB1209-967A-48F1-A92A-B24882587B59}.Debug|x64.Build.0 = Debug|Any CPU
		{B0CB1209-967A-48F1-A92A-B24882587B59}.Debug|x86.ActiveCfg = Debug|Any CPU
		{B0CB1209-967A-48F1-A92A-B24882587B59}.Debug|x86.Build.0 = Debug|Any CPU
		{B0CB1209-967A-48F1-A92A-B24882587B59}.Release|Any CPU.ActiveCfg = Release|Any CPU
		{B0CB1209-967A-48F1-A92A-B24882587B59}.Release|Any CPU.Build.0 = Release|Any CPU
		{B0CB1209-967A-48F1-A92A-B24882587B59}.Release|ARM.ActiveCfg = Release|Any CPU
		{B0CB1209-967A-48F1-A92A-B24882587B59}.Release|ARM.Build.0 = Release|Any CPU
		{B0CB1209-967A-48F1-A92A-B24882587B59}.Release|x64.ActiveCfg = Release|Any CPU
		{B0CB1209-967A-48F1-A92A-B24882587B59}.Release|x64.Build.0 = Release|Any CPU
		{B0CB1209-967A-48F1-A92A-B24882587B59}.Release|x86.ActiveCfg = Release|Any CPU
		{B0CB1209-967A-48F1-A92A-B24882587B59}.Release|x86.Build.0 = Release|Any CPU
		{94184799-F19D-485F-B458-8438313AA18E}.Debug|Any CPU.ActiveCfg = Debug|Any CPU
		{94184799-F19D-485F-B458-8438313AA18E}.Debug|Any CPU.Build.0 = Debug|Any CPU
		{94184799-F19D-485F-B458-8438313AA18E}.Debug|ARM.ActiveCfg = Debug|Any CPU
		{94184799-F19D-485F-B458-8438313AA18E}.Debug|ARM.Build.0 = Debug|Any CPU
		{94184799-F19D-485F-B458-8438313AA18E}.Debug|x64.ActiveCfg = Debug|Any CPU
		{94184799-F19D-485F-B458-8438313AA18E}.Debug|x64.Build.0 = Debug|Any CPU
		{94184799-F19D-485F-B458-8438313AA18E}.Debug|x86.ActiveCfg = Debug|Any CPU
		{94184799-F19D-485F-B458-8438313AA18E}.Debug|x86.Build.0 = Debug|Any CPU
		{94184799-F19D-485F-B458-8438313AA18E}.Release|Any CPU.ActiveCfg = Release|Any CPU
		{94184799-F19D-485F-B458-8438313AA18E}.Release|Any CPU.Build.0 = Release|Any CPU
		{94184799-F19D-485F-B458-8438313AA18E}.Release|ARM.ActiveCfg = Release|Any CPU
		{94184799-F19D-485F-B458-8438313AA18E}.Release|ARM.Build.0 = Release|Any CPU
		{94184799-F19D-485F-B458-8438313AA18E}.Release|x64.ActiveCfg = Release|Any CPU
		{94184799-F19D-485F-B458-8438313AA18E}.Release|x64.Build.0 = Release|Any CPU
		{94184799-F19D-485F-B458-8438313AA18E}.Release|x86.ActiveCfg = Release|Any CPU
		{94184799-F19D-485F-B458-8438313AA18E}.Release|x86.Build.0 = Release|Any CPU
		{C231D60C-C178-49C7-86C5-7E2A157C2C41}.Debug|Any CPU.ActiveCfg = Debug|Any CPU
		{C231D60C-C178-49C7-86C5-7E2A157C2C41}.Debug|Any CPU.Build.0 = Debug|Any CPU
		{C231D60C-C178-49C7-86C5-7E2A157C2C41}.Debug|ARM.ActiveCfg = Debug|Any CPU
		{C231D60C-C178-49C7-86C5-7E2A157C2C41}.Debug|ARM.Build.0 = Debug|Any CPU
		{C231D60C-C178-49C7-86C5-7E2A157C2C41}.Debug|x64.ActiveCfg = Debug|Any CPU
		{C231D60C-C178-49C7-86C5-7E2A157C2C41}.Debug|x64.Build.0 = Debug|Any CPU
		{C231D60C-C178-49C7-86C5-7E2A157C2C41}.Debug|x86.ActiveCfg = Debug|Any CPU
		{C231D60C-C178-49C7-86C5-7E2A157C2C41}.Debug|x86.Build.0 = Debug|Any CPU
		{C231D60C-C178-49C7-86C5-7E2A157C2C41}.Release|Any CPU.ActiveCfg = Release|Any CPU
		{C231D60C-C178-49C7-86C5-7E2A157C2C41}.Release|Any CPU.Build.0 = Release|Any CPU
		{C231D60C-C178-49C7-86C5-7E2A157C2C41}.Release|ARM.ActiveCfg = Release|Any CPU
		{C231D60C-C178-49C7-86C5-7E2A157C2C41}.Release|ARM.Build.0 = Release|Any CPU
		{C231D60C-C178-49C7-86C5-7E2A157C2C41}.Release|x64.ActiveCfg = Release|Any CPU
		{C231D60C-C178-49C7-86C5-7E2A157C2C41}.Release|x64.Build.0 = Release|Any CPU
		{C231D60C-C178-49C7-86C5-7E2A157C2C41}.Release|x86.ActiveCfg = Release|Any CPU
		{C231D60C-C178-49C7-86C5-7E2A157C2C41}.Release|x86.Build.0 = Release|Any CPU
		{5D1CBB50-1E7B-422F-9441-DFF67643C28F}.Debug|Any CPU.ActiveCfg = Debug|Any CPU
		{5D1CBB50-1E7B-422F-9441-DFF67643C28F}.Debug|Any CPU.Build.0 = Debug|Any CPU
		{5D1CBB50-1E7B-422F-9441-DFF67643C28F}.Debug|ARM.ActiveCfg = Debug|Any CPU
		{5D1CBB50-1E7B-422F-9441-DFF67643C28F}.Debug|ARM.Build.0 = Debug|Any CPU
		{5D1CBB50-1E7B-422F-9441-DFF67643C28F}.Debug|x64.ActiveCfg = Debug|Any CPU
		{5D1CBB50-1E7B-422F-9441-DFF67643C28F}.Debug|x64.Build.0 = Debug|Any CPU
		{5D1CBB50-1E7B-422F-9441-DFF67643C28F}.Debug|x86.ActiveCfg = Debug|Any CPU
		{5D1CBB50-1E7B-422F-9441-DFF67643C28F}.Debug|x86.Build.0 = Debug|Any CPU
		{5D1CBB50-1E7B-422F-9441-DFF67643C28F}.Release|Any CPU.ActiveCfg = Release|Any CPU
		{5D1CBB50-1E7B-422F-9441-DFF67643C28F}.Release|Any CPU.Build.0 = Release|Any CPU
		{5D1CBB50-1E7B-422F-9441-DFF67643C28F}.Release|ARM.ActiveCfg = Release|Any CPU
		{5D1CBB50-1E7B-422F-9441-DFF67643C28F}.Release|ARM.Build.0 = Release|Any CPU
		{5D1CBB50-1E7B-422F-9441-DFF67643C28F}.Release|x64.ActiveCfg = Release|Any CPU
		{5D1CBB50-1E7B-422F-9441-DFF67643C28F}.Release|x64.Build.0 = Release|Any CPU
		{5D1CBB50-1E7B-422F-9441-DFF67643C28F}.Release|x86.ActiveCfg = Release|Any CPU
		{5D1CBB50-1E7B-422F-9441-DFF67643C28F}.Release|x86.Build.0 = Release|Any CPU
		{99CFE8C9-EA90-45D0-ACFD-5DA1E829A949}.Debug|Any CPU.ActiveCfg = Debug|Any CPU
		{99CFE8C9-EA90-45D0-ACFD-5DA1E829A949}.Debug|Any CPU.Build.0 = Debug|Any CPU
		{99CFE8C9-EA90-45D0-ACFD-5DA1E829A949}.Debug|ARM.ActiveCfg = Debug|Any CPU
		{99CFE8C9-EA90-45D0-ACFD-5DA1E829A949}.Debug|ARM.Build.0 = Debug|Any CPU
		{99CFE8C9-EA90-45D0-ACFD-5DA1E829A949}.Debug|x64.ActiveCfg = Debug|Any CPU
		{99CFE8C9-EA90-45D0-ACFD-5DA1E829A949}.Debug|x64.Build.0 = Debug|Any CPU
		{99CFE8C9-EA90-45D0-ACFD-5DA1E829A949}.Debug|x86.ActiveCfg = Debug|Any CPU
		{99CFE8C9-EA90-45D0-ACFD-5DA1E829A949}.Debug|x86.Build.0 = Debug|Any CPU
		{99CFE8C9-EA90-45D0-ACFD-5DA1E829A949}.Release|Any CPU.ActiveCfg = Release|Any CPU
		{99CFE8C9-EA90-45D0-ACFD-5DA1E829A949}.Release|Any CPU.Build.0 = Release|Any CPU
		{99CFE8C9-EA90-45D0-ACFD-5DA1E829A949}.Release|ARM.ActiveCfg = Release|Any CPU
		{99CFE8C9-EA90-45D0-ACFD-5DA1E829A949}.Release|ARM.Build.0 = Release|Any CPU
		{99CFE8C9-EA90-45D0-ACFD-5DA1E829A949}.Release|x64.ActiveCfg = Release|Any CPU
		{99CFE8C9-EA90-45D0-ACFD-5DA1E829A949}.Release|x64.Build.0 = Release|Any CPU
		{99CFE8C9-EA90-45D0-ACFD-5DA1E829A949}.Release|x86.ActiveCfg = Release|Any CPU
		{99CFE8C9-EA90-45D0-ACFD-5DA1E829A949}.Release|x86.Build.0 = Release|Any CPU
		{B15F852B-A3E2-49AA-A7A4-F8AB99CE5689}.Debug|Any CPU.ActiveCfg = Debug|Any CPU
		{B15F852B-A3E2-49AA-A7A4-F8AB99CE5689}.Debug|Any CPU.Build.0 = Debug|Any CPU
		{B15F852B-A3E2-49AA-A7A4-F8AB99CE5689}.Debug|ARM.ActiveCfg = Debug|Any CPU
		{B15F852B-A3E2-49AA-A7A4-F8AB99CE5689}.Debug|ARM.Build.0 = Debug|Any CPU
		{B15F852B-A3E2-49AA-A7A4-F8AB99CE5689}.Debug|x64.ActiveCfg = Debug|Any CPU
		{B15F852B-A3E2-49AA-A7A4-F8AB99CE5689}.Debug|x64.Build.0 = Debug|Any CPU
		{B15F852B-A3E2-49AA-A7A4-F8AB99CE5689}.Debug|x86.ActiveCfg = Debug|Any CPU
		{B15F852B-A3E2-49AA-A7A4-F8AB99CE5689}.Debug|x86.Build.0 = Debug|Any CPU
		{B15F852B-A3E2-49AA-A7A4-F8AB99CE5689}.Release|Any CPU.ActiveCfg = Release|Any CPU
		{B15F852B-A3E2-49AA-A7A4-F8AB99CE5689}.Release|Any CPU.Build.0 = Release|Any CPU
		{B15F852B-A3E2-49AA-A7A4-F8AB99CE5689}.Release|ARM.ActiveCfg = Release|Any CPU
		{B15F852B-A3E2-49AA-A7A4-F8AB99CE5689}.Release|ARM.Build.0 = Release|Any CPU
		{B15F852B-A3E2-49AA-A7A4-F8AB99CE5689}.Release|x64.ActiveCfg = Release|Any CPU
		{B15F852B-A3E2-49AA-A7A4-F8AB99CE5689}.Release|x64.Build.0 = Release|Any CPU
		{B15F852B-A3E2-49AA-A7A4-F8AB99CE5689}.Release|x86.ActiveCfg = Release|Any CPU
		{B15F852B-A3E2-49AA-A7A4-F8AB99CE5689}.Release|x86.Build.0 = Release|Any CPU
		{8E49250A-645E-4CDC-AFE1-C47CD6B1DF9B}.Debug|Any CPU.ActiveCfg = Debug|Any CPU
		{8E49250A-645E-4CDC-AFE1-C47CD6B1DF9B}.Debug|Any CPU.Build.0 = Debug|Any CPU
		{8E49250A-645E-4CDC-AFE1-C47CD6B1DF9B}.Debug|ARM.ActiveCfg = Debug|Any CPU
		{8E49250A-645E-4CDC-AFE1-C47CD6B1DF9B}.Debug|ARM.Build.0 = Debug|Any CPU
		{8E49250A-645E-4CDC-AFE1-C47CD6B1DF9B}.Debug|x64.ActiveCfg = Debug|Any CPU
		{8E49250A-645E-4CDC-AFE1-C47CD6B1DF9B}.Debug|x64.Build.0 = Debug|Any CPU
		{8E49250A-645E-4CDC-AFE1-C47CD6B1DF9B}.Debug|x86.ActiveCfg = Debug|Any CPU
		{8E49250A-645E-4CDC-AFE1-C47CD6B1DF9B}.Debug|x86.Build.0 = Debug|Any CPU
		{8E49250A-645E-4CDC-AFE1-C47CD6B1DF9B}.Release|Any CPU.ActiveCfg = Release|Any CPU
		{8E49250A-645E-4CDC-AFE1-C47CD6B1DF9B}.Release|Any CPU.Build.0 = Release|Any CPU
		{8E49250A-645E-4CDC-AFE1-C47CD6B1DF9B}.Release|ARM.ActiveCfg = Release|Any CPU
		{8E49250A-645E-4CDC-AFE1-C47CD6B1DF9B}.Release|ARM.Build.0 = Release|Any CPU
		{8E49250A-645E-4CDC-AFE1-C47CD6B1DF9B}.Release|x64.ActiveCfg = Release|Any CPU
		{8E49250A-645E-4CDC-AFE1-C47CD6B1DF9B}.Release|x64.Build.0 = Release|Any CPU
		{8E49250A-645E-4CDC-AFE1-C47CD6B1DF9B}.Release|x86.ActiveCfg = Release|Any CPU
		{8E49250A-645E-4CDC-AFE1-C47CD6B1DF9B}.Release|x86.Build.0 = Release|Any CPU
		{709F63E0-4AFB-461B-B84F-37F985A011C5}.Debug|Any CPU.ActiveCfg = Debug|Any CPU
		{709F63E0-4AFB-461B-B84F-37F985A011C5}.Debug|Any CPU.Build.0 = Debug|Any CPU
		{709F63E0-4AFB-461B-B84F-37F985A011C5}.Debug|ARM.ActiveCfg = Debug|Any CPU
		{709F63E0-4AFB-461B-B84F-37F985A011C5}.Debug|ARM.Build.0 = Debug|Any CPU
		{709F63E0-4AFB-461B-B84F-37F985A011C5}.Debug|x64.ActiveCfg = Debug|Any CPU
		{709F63E0-4AFB-461B-B84F-37F985A011C5}.Debug|x64.Build.0 = Debug|Any CPU
		{709F63E0-4AFB-461B-B84F-37F985A011C5}.Debug|x86.ActiveCfg = Debug|Any CPU
		{709F63E0-4AFB-461B-B84F-37F985A011C5}.Debug|x86.Build.0 = Debug|Any CPU
		{709F63E0-4AFB-461B-B84F-37F985A011C5}.Release|Any CPU.ActiveCfg = Release|Any CPU
		{709F63E0-4AFB-461B-B84F-37F985A011C5}.Release|Any CPU.Build.0 = Release|Any CPU
		{709F63E0-4AFB-461B-B84F-37F985A011C5}.Release|ARM.ActiveCfg = Release|Any CPU
		{709F63E0-4AFB-461B-B84F-37F985A011C5}.Release|ARM.Build.0 = Release|Any CPU
		{709F63E0-4AFB-461B-B84F-37F985A011C5}.Release|x64.ActiveCfg = Release|Any CPU
		{709F63E0-4AFB-461B-B84F-37F985A011C5}.Release|x64.Build.0 = Release|Any CPU
		{709F63E0-4AFB-461B-B84F-37F985A011C5}.Release|x86.ActiveCfg = Release|Any CPU
		{709F63E0-4AFB-461B-B84F-37F985A011C5}.Release|x86.Build.0 = Release|Any CPU
		{5BA40321-3D6F-4931-B0C5-E5BA567B45E5}.Debug|Any CPU.ActiveCfg = Debug|Any CPU
		{5BA40321-3D6F-4931-B0C5-E5BA567B45E5}.Debug|Any CPU.Build.0 = Debug|Any CPU
		{5BA40321-3D6F-4931-B0C5-E5BA567B45E5}.Debug|ARM.ActiveCfg = Debug|Any CPU
		{5BA40321-3D6F-4931-B0C5-E5BA567B45E5}.Debug|ARM.Build.0 = Debug|Any CPU
		{5BA40321-3D6F-4931-B0C5-E5BA567B45E5}.Debug|x64.ActiveCfg = Debug|Any CPU
		{5BA40321-3D6F-4931-B0C5-E5BA567B45E5}.Debug|x64.Build.0 = Debug|Any CPU
		{5BA40321-3D6F-4931-B0C5-E5BA567B45E5}.Debug|x86.ActiveCfg = Debug|Any CPU
		{5BA40321-3D6F-4931-B0C5-E5BA567B45E5}.Debug|x86.Build.0 = Debug|Any CPU
		{5BA40321-3D6F-4931-B0C5-E5BA567B45E5}.Release|Any CPU.ActiveCfg = Release|Any CPU
		{5BA40321-3D6F-4931-B0C5-E5BA567B45E5}.Release|Any CPU.Build.0 = Release|Any CPU
		{5BA40321-3D6F-4931-B0C5-E5BA567B45E5}.Release|ARM.ActiveCfg = Release|Any CPU
		{5BA40321-3D6F-4931-B0C5-E5BA567B45E5}.Release|ARM.Build.0 = Release|Any CPU
		{5BA40321-3D6F-4931-B0C5-E5BA567B45E5}.Release|x64.ActiveCfg = Release|Any CPU
		{5BA40321-3D6F-4931-B0C5-E5BA567B45E5}.Release|x64.Build.0 = Release|Any CPU
		{5BA40321-3D6F-4931-B0C5-E5BA567B45E5}.Release|x86.ActiveCfg = Release|Any CPU
		{5BA40321-3D6F-4931-B0C5-E5BA567B45E5}.Release|x86.Build.0 = Release|Any CPU
		{509DEA8B-6CAD-4536-961F-2476600415A1}.Debug|Any CPU.ActiveCfg = Debug|Any CPU
		{509DEA8B-6CAD-4536-961F-2476600415A1}.Debug|Any CPU.Build.0 = Debug|Any CPU
		{509DEA8B-6CAD-4536-961F-2476600415A1}.Debug|ARM.ActiveCfg = Debug|Any CPU
		{509DEA8B-6CAD-4536-961F-2476600415A1}.Debug|ARM.Build.0 = Debug|Any CPU
		{509DEA8B-6CAD-4536-961F-2476600415A1}.Debug|x64.ActiveCfg = Debug|Any CPU
		{509DEA8B-6CAD-4536-961F-2476600415A1}.Debug|x64.Build.0 = Debug|Any CPU
		{509DEA8B-6CAD-4536-961F-2476600415A1}.Debug|x86.ActiveCfg = Debug|Any CPU
		{509DEA8B-6CAD-4536-961F-2476600415A1}.Debug|x86.Build.0 = Debug|Any CPU
		{509DEA8B-6CAD-4536-961F-2476600415A1}.Release|Any CPU.ActiveCfg = Release|Any CPU
		{509DEA8B-6CAD-4536-961F-2476600415A1}.Release|Any CPU.Build.0 = Release|Any CPU
		{509DEA8B-6CAD-4536-961F-2476600415A1}.Release|ARM.ActiveCfg = Release|Any CPU
		{509DEA8B-6CAD-4536-961F-2476600415A1}.Release|ARM.Build.0 = Release|Any CPU
		{509DEA8B-6CAD-4536-961F-2476600415A1}.Release|x64.ActiveCfg = Release|Any CPU
		{509DEA8B-6CAD-4536-961F-2476600415A1}.Release|x64.Build.0 = Release|Any CPU
		{509DEA8B-6CAD-4536-961F-2476600415A1}.Release|x86.ActiveCfg = Release|Any CPU
		{509DEA8B-6CAD-4536-961F-2476600415A1}.Release|x86.Build.0 = Release|Any CPU
		{18ABA434-8132-4E64-9C6C-558029224842}.Debug|Any CPU.ActiveCfg = Debug|Any CPU
		{18ABA434-8132-4E64-9C6C-558029224842}.Debug|Any CPU.Build.0 = Debug|Any CPU
		{18ABA434-8132-4E64-9C6C-558029224842}.Debug|ARM.ActiveCfg = Debug|Any CPU
		{18ABA434-8132-4E64-9C6C-558029224842}.Debug|ARM.Build.0 = Debug|Any CPU
		{18ABA434-8132-4E64-9C6C-558029224842}.Debug|x64.ActiveCfg = Debug|Any CPU
		{18ABA434-8132-4E64-9C6C-558029224842}.Debug|x64.Build.0 = Debug|Any CPU
		{18ABA434-8132-4E64-9C6C-558029224842}.Debug|x86.ActiveCfg = Debug|Any CPU
		{18ABA434-8132-4E64-9C6C-558029224842}.Debug|x86.Build.0 = Debug|Any CPU
		{18ABA434-8132-4E64-9C6C-558029224842}.Release|Any CPU.ActiveCfg = Release|Any CPU
		{18ABA434-8132-4E64-9C6C-558029224842}.Release|Any CPU.Build.0 = Release|Any CPU
		{18ABA434-8132-4E64-9C6C-558029224842}.Release|ARM.ActiveCfg = Release|Any CPU
		{18ABA434-8132-4E64-9C6C-558029224842}.Release|ARM.Build.0 = Release|Any CPU
		{18ABA434-8132-4E64-9C6C-558029224842}.Release|x64.ActiveCfg = Release|Any CPU
		{18ABA434-8132-4E64-9C6C-558029224842}.Release|x64.Build.0 = Release|Any CPU
		{18ABA434-8132-4E64-9C6C-558029224842}.Release|x86.ActiveCfg = Release|Any CPU
		{18ABA434-8132-4E64-9C6C-558029224842}.Release|x86.Build.0 = Release|Any CPU
	EndGlobalSection
	GlobalSection(SolutionProperties) = preSolution
		HideSolutionNode = FALSE
	EndGlobalSection
EndGlobal
